
Microsoft Visual Studio Solution File, Format Version 12.00
Project("{FAE04EC0-301F-11D3-BF4B-00C04F79EFBC}") = "Icosahedron", "Icosahedron.csproj", "{CFFA7E3E-97EE-45DA-91F2-D2B54658C487}"
EndProject
Global
	GlobalSection(SolutionConfigurationPlatforms) = preSolution
		Debug|Any CPU = Debug|Any CPU
		Release|Any CPU = Release|Any CPU
	EndGlobalSection
	GlobalSection(ProjectConfigurationPlatforms) = postSolution
		{CFFA7E3E-97EE-45DA-91F2-D2B54658C487}.Debug|Any CPU.ActiveCfg = Debug|Any CPU
		{CFFA7E3E-97EE-45DA-91F2-D2B54658C487}.Debug|Any CPU.Build.0 = Debug|Any CPU
		{CFFA7E3E-97EE-45DA-91F2-D2B54658C487}.Release|Any CPU.ActiveCfg = Release|Any CPU
		{CFFA7E3E-97EE-45DA-91F2-D2B54658C487}.Release|Any CPU.Build.0 = Release|Any CPU
	EndGlobalSection
EndGlobal
